# THIS IS AN AUTOGENERATED FILE. DO NOT EDIT THIS FILE DIRECTLY.
# yarn lockfile v1


"@types/node@^10.3.2", "@types/node@^10.3.5":
  version "10.14.13"
  resolved "https://registry.yarnpkg.com/@types/node/-/node-10.14.13.tgz#ac786d623860adf39a3f51d629480aacd6a6eec7"
  integrity sha512-yN/FNNW1UYsRR1wwAoyOwqvDuLDtVXnaJTZ898XIw/Q5cCaeVAlVwvsmXLX5PuiScBYwZsZU4JYSHB3TvfdwvQ==

JSONStream@^1.3.1:
  version "1.3.5"
  resolved "https://registry.yarnpkg.com/JSONStream/-/JSONStream-1.3.5.tgz#3208c1f08d3a4d99261ab64f92302bc15e111ca0"
  integrity sha512-E+iruNOY8VV9s4JEbe1aNEm6MiszPRr/UfcHMz0TQh1BXSxHK+ASV1R6W4HpjBhSeS+54PIsAMCBmwD06LLsqQ==
  dependencies:
    jsonparse "^1.2.0"
    through ">=2.2.7 <3"

aes-js@3.0.0:
  version "3.0.0"
  resolved "https://registry.yarnpkg.com/aes-js/-/aes-js-3.0.0.tgz#e21df10ad6c2053295bcbb8dab40b09dbea87e4d"
  integrity sha1-4h3xCtbCBTKVvLuNq0Cwnb6ofk0=

"arb-ethers-provider@https://github.com/OffchainLabs/arb-ethers-provider.git":
  version "0.1.0"
  resolved "https://github.com/OffchainLabs/arb-ethers-provider.git#95e42564b9f57d24a0a984b94e5ee92a299fe7d8"
  dependencies:
    ethers "^4.0.28"
    jayson "^2.1.2"
    node-fetch "^2.3.0"
    promise-poller "^1.7.0"

bluebird@^3.5.3:
  version "3.5.5"
  resolved "https://registry.yarnpkg.com/bluebird/-/bluebird-3.5.5.tgz#a8d0afd73251effbbd5fe384a77d73003c17a71f"
  integrity sha512-5am6HnnfN+urzt4yfg7IgTbotDjIT/u8AJpEt0sIU9FtXfVeezXAPKswrG+xKUCOYAINpSdgZVDU6QFh+cuH3w==

bn.js@^4.4.0:
  version "4.11.8"
  resolved "https://registry.yarnpkg.com/bn.js/-/bn.js-4.11.8.tgz#2cde09eb5ee341f484746bb0309b3253b1b1442f"
  integrity sha512-ItfYfPLkWHUjckQCk8xC+LwxgK8NYcXywGigJgSwOP8Y2iyWT4f2vsZnoOXTTbo+o5yXmIUJ4gn5538SO5S3gA==

brorand@^1.0.1:
  version "1.1.0"
  resolved "https://registry.yarnpkg.com/brorand/-/brorand-1.1.0.tgz#12c25efe40a45e3c323eb8675a0a0ce57b22371f"
  integrity sha1-EsJe/kCkXjwyPrhnWgoM5XsiNx8=

commander@^2.12.2:
  version "2.20.0"
  resolved "https://registry.yarnpkg.com/commander/-/commander-2.20.0.tgz#d58bb2b5c1ee8f87b0d340027e9e94e222c5a422"
  integrity sha512-7j2y+40w61zy6YC2iRNpUe/NwhNyoXrYpHMrSunaMG64nRnaf96zO/KMQR4OyN/UnE5KLyEBnKHd4aG3rskjpQ==

debug@^4.1.0:
  version "4.1.1"
  resolved "https://registry.yarnpkg.com/debug/-/debug-4.1.1.tgz#3b72260255109c6b589cee050f1d516139664791"
  integrity sha512-pYAIzeRo8J6KPEaJ0VWOh5Pzkbw/RetuzehGM7QRRX5he4fPHx2rdKMB256ehJCkX+XRQm16eZLqLNS8RSZXZw==
  dependencies:
    ms "^2.1.1"

elliptic@6.3.3:
  version "6.3.3"
  resolved "https://registry.yarnpkg.com/elliptic/-/elliptic-6.3.3.tgz#5482d9646d54bcb89fd7d994fc9e2e9568876e3f"
  integrity sha1-VILZZG1UvLif19mU/J4ulWiHbj8=
  dependencies:
    bn.js "^4.4.0"
    brorand "^1.0.1"
    hash.js "^1.0.0"
    inherits "^2.0.1"

es6-promise@^4.0.3:
  version "4.2.8"
  resolved "https://registry.yarnpkg.com/es6-promise/-/es6-promise-4.2.8.tgz#4eb21594c972bc40553d276e510539143db53e0a"
  integrity sha512-HJDGx5daxeIvxdBxvG2cb9g4tEvwIk3i8+nhX0yGrYmZUzbkdg8QbDevheDB8gd0//uPj4c1EQua8Q+MViT0/w==

es6-promisify@^5.0.0:
  version "5.0.0"
  resolved "https://registry.yarnpkg.com/es6-promisify/-/es6-promisify-5.0.0.tgz#5109d62f3e56ea967c4b63505aef08291c8a5203"
  integrity sha1-UQnWLz5W6pZ8S2NQWu8IKRyKUgM=
  dependencies:
    es6-promise "^4.0.3"

ethers-providers@^2.1.19:
  version "2.1.19"
  resolved "https://registry.yarnpkg.com/ethers-providers/-/ethers-providers-2.1.19.tgz#d597e298f70cfbf8da207c303af0a5cbed5b4cd2"
  integrity sha512-usjJ5qyGO84kMmIYImwGhJo12nnG5uzqpZlViYQFEfwBzqoj7b9e55xnc7fP6XWcnPrrbMqIa0KrW8BKy9bYpg==
  dependencies:
    ethers-utils "^2.1.0"
    inherits "2.0.1"
    xmlhttprequest "1.8.0"

ethers-utils@^2.1.0, ethers-utils@^2.1.11:
  version "2.1.11"
  resolved "https://registry.yarnpkg.com/ethers-utils/-/ethers-utils-2.1.11.tgz#b27535ca3226118be300211c39c896b1e5e21641"
  integrity sha512-BfkGStBmmLjhTldmp5lifiwUeDjx/yowoWfmUnnvPNsix5PFE8IXQdY5VT/Qo1SXMgxzCe8m0Z8ysUw6Q9OmAw==
  dependencies:
    bn.js "^4.4.0"
    hash.js "^1.0.0"
    js-sha3 "0.5.7"
    xmlhttprequest "1.8.0"

ethers@^4.0.27, ethers@^4.0.28:
  version "4.0.33"
  resolved "https://registry.yarnpkg.com/ethers/-/ethers-4.0.33.tgz#f7b88d2419d731a39aefc37843a3f293e396f918"
  integrity sha512-lAHkSPzBe0Vj+JrhmkEHLtUEKEheVktIjGDyE9gbzF4zf1vibjYgB57LraDHu4/ItqWVkztgsm8GWqcDMN+6vQ==
  dependencies:
    "@types/node" "^10.3.2"
    aes-js "3.0.0"
    bn.js "^4.4.0"
    elliptic "6.3.3"
    hash.js "1.1.3"
    js-sha3 "0.5.7"
    scrypt-js "2.0.4"
    setimmediate "1.0.4"
    uuid "2.0.1"
    xmlhttprequest "1.8.0"

eyes@^0.1.8:
  version "0.1.8"
  resolved "https://registry.yarnpkg.com/eyes/-/eyes-0.1.8.tgz#62cf120234c683785d902348a800ef3e0cc20bc0"
  integrity sha1-Ys8SAjTGg3hdkCNIqADvPgzCC8A=

hash.js@1.1.3:
  version "1.1.3"
  resolved "https://registry.yarnpkg.com/hash.js/-/hash.js-1.1.3.tgz#340dedbe6290187151c1ea1d777a3448935df846"
  integrity sha512-/UETyP0W22QILqS+6HowevwhEFJ3MBJnwTf75Qob9Wz9t0DPuisL8kW8YZMK62dHAKE1c1p+gY1TtOLY+USEHA==
  dependencies:
    inherits "^2.0.3"
    minimalistic-assert "^1.0.0"

hash.js@^1.0.0:
  version "1.1.7"
  resolved "https://registry.yarnpkg.com/hash.js/-/hash.js-1.1.7.tgz#0babca538e8d4ee4a0f8988d68866537a003cf42"
  integrity sha512-taOaskGt4z4SOANNseOviYDvjEJinIkRgmp7LbKP2YTTmVxWBl87s/uzK9r+44BclBSp2X7K1hqeNfz9JbBeXA==
  dependencies:
    inherits "^2.0.3"
    minimalistic-assert "^1.0.1"

inherits@2.0.1:
  version "2.0.1"
  resolved "https://registry.yarnpkg.com/inherits/-/inherits-2.0.1.tgz#b17d08d326b4423e568eff719f91b0b1cbdf69f1"
  integrity sha1-sX0I0ya0Qj5Wjv9xn5GwscvfafE=

inherits@^2.0.1, inherits@^2.0.3:
  version "2.0.4"
  resolved "https://registry.yarnpkg.com/inherits/-/inherits-2.0.4.tgz#0fa2c64f932917c3433a0ded55363aae37416b7c"
  integrity sha512-k/vGaX4/Yla3WzyMCvTQOXYeIHvqOKtnqBduzTHpzpQZzAskKMhZ2K+EnBiSM9zGSoIFeMpXKxa4dYeZIQqewQ==

jayson@^2.1.2:
  version "2.1.2"
  resolved "https://registry.yarnpkg.com/jayson/-/jayson-2.1.2.tgz#3612f578529b5cc84301f098f29cd1612119e53d"
  integrity sha512-2GejcQnEV35KYTXoBvzALIDdO/1oyEIoJHBnaJFhJhcurv0x2JqUXQW6xlDUhcNOpN9t+d2w+JGA6vOphb+5mg==
  dependencies:
    "@types/node" "^10.3.5"
    JSONStream "^1.3.1"
    commander "^2.12.2"
    es6-promisify "^5.0.0"
    eyes "^0.1.8"
    json-stringify-safe "^5.0.1"
    lodash "^4.17.11"
    uuid "^3.2.1"

js-sha3@0.5.7:
  version "0.5.7"
  resolved "https://registry.yarnpkg.com/js-sha3/-/js-sha3-0.5.7.tgz#0d4ffd8002d5333aabaf4a23eed2f6374c9f28e7"
  integrity sha1-DU/9gALVMzqrr0oj7tL2N0yfKOc=

json-stringify-safe@^5.0.1:
  version "5.0.1"
  resolved "https://registry.yarnpkg.com/json-stringify-safe/-/json-stringify-safe-5.0.1.tgz#1296a2d58fd45f19a0f6ce01d65701e2c735b6eb"
  integrity sha1-Epai1Y/UXxmg9s4B1lcB4sc1tus=

jsonparse@^1.2.0:
  version "1.3.1"
  resolved "https://registry.yarnpkg.com/jsonparse/-/jsonparse-1.3.1.tgz#3f4dae4a91fac315f71062f8521cc239f1366280"
  integrity sha1-P02uSpH6wxX3EGL4UhzCOfE2YoA=

lodash@^4.17.11:
  version "4.17.15"
  resolved "https://registry.yarnpkg.com/lodash/-/lodash-4.17.15.tgz#b447f6670a0455bbfeedd11392eff330ea097548"
  integrity sha512-8xOcRHvCjnocdS5cpwXQXVzmmh5e5+saE2QGoeQmbKmRS6J3VQppPOIt0MnmE+4xlZoumy0GPG0D0MVIQbNA1A==

minimalistic-assert@^1.0.0, minimalistic-assert@^1.0.1:
  version "1.0.1"
  resolved "https://registry.yarnpkg.com/minimalistic-assert/-/minimalistic-assert-1.0.1.tgz#2e194de044626d4a10e7f7fbc00ce73e83e4d5c7"
  integrity sha512-UtJcAD4yEaGtjPezWuO9wC4nwUnVH/8/Im3yEHQP4b67cXlD/Qr9hdITCU1xDbSEXg2XKNaP8jsReV7vQd00/A==

ms@^2.1.1:
  version "2.1.2"
  resolved "https://registry.yarnpkg.com/ms/-/ms-2.1.2.tgz#d09d1f357b443f493382a8eb3ccd183872ae6009"
  integrity sha512-sGkPx+VjMtmA6MX27oA4FBFELFCZZ4S4XqeGOXCv68tT+jb3vk/RyaKWP0PTKyWtmLSM0b+adUTEvbs1PEaH2w==

node-fetch@^2.3.0:
  version "2.6.0"
  resolved "https://registry.yarnpkg.com/node-fetch/-/node-fetch-2.6.0.tgz#e633456386d4aa55863f676a7ab0daa8fdecb0fd"
  integrity sha512-8dG4H5ujfvFiqDmVu9fQ5bOHUC15JMjMY/Zumv26oOvvVJjM67KF8koCWIabKQ1GJIa9r2mMZscBq/TbdOcmNA==

promise-poller@^1.7.0:
  version "1.7.0"
  resolved "https://registry.yarnpkg.com/promise-poller/-/promise-poller-1.7.0.tgz#76788d8d9470af6b604c14592a3d7f93f4c393ee"
  integrity sha512-wY/zfF06bC+DHbjG8ja8YZsJgg2gw2KYHKa3hBJI1slqBTskGcPg4PEX2K7dbKgVtw9G88MXLPePgA8KtZNqpQ==
  dependencies:
    bluebird "^3.5.3"
    debug "^4.1.0"

scrypt-js@2.0.4:
  version "2.0.4"
  resolved "https://registry.yarnpkg.com/scrypt-js/-/scrypt-js-2.0.4.tgz#32f8c5149f0797672e551c07e230f834b6af5f16"
  integrity sha512-4KsaGcPnuhtCZQCxFxN3GVYIhKFPTdLd8PLC552XwbMndtD0cjRFAhDuuydXQ0h08ZfPgzqe6EKHozpuH74iDw==

setimmediate@1.0.4:
  version "1.0.4"
  resolved "https://registry.yarnpkg.com/setimmediate/-/setimmediate-1.0.4.tgz#20e81de622d4a02588ce0c8da8973cbcf1d3138f"
  integrity sha1-IOgd5iLUoCWIzgyNqJc8vPHTE48=

"through@>=2.2.7 <3":
  version "2.3.8"
  resolved "https://registry.yarnpkg.com/through/-/through-2.3.8.tgz#0dd4c9ffaabc357960b1b724115d7e0e86a2e1f5"
  integrity sha1-DdTJ/6q8NXlgsbckEV1+Doai4fU=

uuid@2.0.1:
  version "2.0.1"
  resolved "https://registry.yarnpkg.com/uuid/-/uuid-2.0.1.tgz#c2a30dedb3e535d72ccf82e343941a50ba8533ac"
  integrity sha1-wqMN7bPlNdcsz4LjQ5QaULqFM6w=

uuid@^3.2.1:
  version "3.3.2"
  resolved "https://registry.yarnpkg.com/uuid/-/uuid-3.3.2.tgz#1b4af4955eb3077c501c23872fc6513811587131"
  integrity sha512-yXJmeNaw3DnnKAOKJE51sL/ZaYfWJRl1pK9dr19YFCu0ObS231AB1/LbqTKRAQ5kw8A90rA6fr4riOUpTZvQZA==

xmlhttprequest@1.8.0:
  version "1.8.0"
  resolved "https://registry.yarnpkg.com/xmlhttprequest/-/xmlhttprequest-1.8.0.tgz#67fe075c5c24fef39f9d65f5f7b7fe75171968fc"
  integrity sha1-Z/4HXFwk/vOfnWX197f+dRcZaPw=
