{
    "_meta": {
        "hash": {
            "sha256": "4639c060ce815efc9fe0dd12d946eb14cf528098b60a608c6ee6bfc1e447d83a"
        },
        "pipfile-spec": 6,
        "requires": {},
        "sources": [
            {
                "name": "pypi",
                "url": "https://pypi.org/simple",
                "verify_ssl": true
            }
        ]
    },
    "default": {
        "cytoolz": {
            "hashes": [
                "sha256:82f5bba81d73a5a6b06f2a3553ff9003d865952fcb32e1df192378dd944d8a5c"
            ],
            "markers": "implementation_name == 'cpython'",
            "version": "==0.10.1"
        },
        "decorator": {
            "hashes": [
                "sha256:54c38050039232e1db4ad7375cfce6748d7b41c29e95a081c8a6d2c30364a2ce",
                "sha256:5d19b92a3c8f7f101c8dd86afd86b0f061a8ce4540ab8cd401fa2542756bce6d"
            ],
            "version": "==4.4.1"
        },
        "eth-abi": {
            "hashes": [
                "sha256:21d6cf068a134926bf62606fb10ca39499c6f02c881ca5b78f8b745f21da23a1",
                "sha256:37e107133baac5156964bee9c9a1f9dab42e7eb804183ccd31dcd27c7669049d"
            ],
            "index": "pypi",
            "version": "==2.0.0"
        },
        "eth-hash": {
            "hashes": [
                "sha256:1b9cb34dd3cd99c85c2bd6a1420ceae39a2eee8bf080efd264bcda8be3edecc8",
                "sha256:499dc02d098f69856d1a6dd005529c16174157d4fb2a9fe20c41f69e39f8f176"
            ],
            "version": "==0.2.0"
        },
        "eth-typing": {
            "hashes": [
                "sha256:abcfd279ad708a6fe9daf2af2bebb47d3da0faa0bbcb3765294506025fe9dd8b",
                "sha256:dab078dceb2b8687c9b94209e7a90da0fba5db075d132db997d9da9e2ead3465"
            ],
            "version": "==2.2.0"
        },
        "eth-utils": {
            "hashes": [
                "sha256:88a10ea8824042c589bbcec1516f363e96a1fbf52d0a8c8c761893a41cab8656",
                "sha256:9ce4658025b8d063ddb5d781e53639725faf1f3f96a9861095f2e874e4a9fbda"
            ],
            "index": "pypi",
            "version": "==1.8.0"
        },
        "future": {
            "hashes": [
                "sha256:b1bead90b70cf6ec3f0710ae53a525360fa360d306a86583adc6bf83a4db537d"
            ],
            "version": "==0.18.2"
        },
        "networkx": {
            "hashes": [
                "sha256:cdfbf698749a5014bf2ed9db4a07a5295df1d3a53bf80bf3cbd61edf9df05fa1",
                "sha256:f8f4ff0b6f96e4f9b16af6b84622597b5334bf9cae8cf9b2e42e7985d5c95c64"
            ],
            "index": "pypi",
            "version": "==2.4"
        },
        "parsimonious": {
            "hashes": [
                "sha256:3add338892d580e0cb3b1a39e4a1b427ff9f687858fdd61097053742391a9f6b"
            ],
            "version": "==0.8.1"
        },
        "pycryptodome": {
            "hashes": [
                "sha256:0aa49f3fa110f8dc090bad1671a768cc17d3d3bd01566641ffc0d10d0fec8d49",
                "sha256:0fafd3c4fb76c6992f34bf2d074f582f388e3b8062b8ba5d65b020634cc221e6",
                "sha256:17eb9bd5d30a71b0c8a832e3e9cd2b7723f99907c38dc5dd23e59e8c368a70e2",
                "sha256:2776255d5c748782f095ec422d42da2eadd8392ac9de7da23db4aed4231272bd",
                "sha256:3500826dc3b9a8fdb762bebe551106081a6bdecd4181a3d1bd0206e48bba8974",
                "sha256:3aa0d30326dcdef24c632d5c03b8e4d379c6ae0645082b27dd69ea816bb97ecb",
                "sha256:3c7769bdadcc4809508e71997008912cc6d94fd7b5b1f3ef121683ebcac71d81",
                "sha256:3e8c97a38dac6dafd180b4696a522b1581dd1a8e0ea60763458be547bac97361",
                "sha256:5aca5125a46e458b308b5571ce8fe36d2229f161aa7db27b3ecacded70c6aa8b",
                "sha256:62beb75f0688f406946312bfef8923d8ab23f5b8013acded931413625299d317",
                "sha256:7725643de3c884a9945a086670787dce637037f32c5c2df7fd602bd5967f3486",
                "sha256:872191a02a0c2a3b98dc75c62b32912b220a8ae5ff6ac9e39868f903f55dd6a4",
                "sha256:8c501e80960d12328d49e1d409daf426f29364a37c602f257c99509999654650",
                "sha256:9512638bfef8ffc94c62751965a4733c3792104dc84771ba54ce0f80f49134df",
                "sha256:962043051afa7a5ab071b0d8996dc00e564327a18566d3e574a39cb6e097b462",
                "sha256:9db72b18b30902a83fa57b0d7dae4ce24f85186695e3bea0d423f1ec7c5b3fbe",
                "sha256:9ffd4f0bfb5949dfa0e5cedef836364f18da0deb2fba04671607fb3b59b29112",
                "sha256:a26819f693cf5fc0a2373a3e4b91c38e359cad9f00020a885b667c77f28738d5",
                "sha256:a3efc575a53511c48361d933e12e07c2eb940db1afda0995285176c372ab7352",
                "sha256:ababd6685b9d94729a851a0615482156afdacbeaabeea60f67961db0e975b1af",
                "sha256:b0e9c8c270cd3f8c73b53139f0708f257189a00bbc898be6d3f03995e5f7edc2",
                "sha256:b74173b13c221ee96b608212b9adc2c459a73d3632f04490df42e4f07e7041e6",
                "sha256:bed297f75ba19cefe2d10beb4959f4f8cb62c2560a3998ad87479485098ee939",
                "sha256:c639f09e8ce8ad5af9884233f952ade4b73a11b7d41d3b9bb7d4e64d9e1df164",
                "sha256:c7bc308be67288af1cd44668d59e36356f0ce518337899079ddb0235bd55db79",
                "sha256:cca152dcebc318833ba70499190ce17ee81b525404e2a7548c77f52b439306a7",
                "sha256:d5261d22bc3a54db26f11dabcda14bbaab72080977e083d795b4b1d1b510c774",
                "sha256:d81111e3da7fc9eee825ba7d8a68b3c1464f41110ef98a7280e0c7fb82c91e73",
                "sha256:d95fafa899abb9f82e55ff43f423e100784312b43932514f2c05d41cbb20323e",
                "sha256:de411a64d4105d4424441833bd25943208e58c846abf981bba5bbeeba88a49c3",
                "sha256:e02c7b3d05b88ff1a236e49a252b2bf8444d3a1d04a056784af766c0909eba36",
                "sha256:fbafe9b01b717e0bfbc83cd740ff5bf5cdd3f208815be470ea203942b899bbdf"
            ],
            "index": "pypi",
            "version": "==3.9.1"
        },
        "pyevmasm": {
            "hashes": [
                "sha256:68833113f31f6fdc6a021371ce6e7b9e58763cbef2edaf40604cb88d7ceaf013",
                "sha256:e40210ec2a3d274abbcbc878a9c3c7892a2a5a2c571a445d8630cd281aa58427"
            ],
            "index": "pypi",
            "version": "==0.2.1"
        },
        "six": {
            "hashes": [
                "sha256:1f1b7d42e254082a9db6279deae68afb421ceba6158efa6131de7b3003ee93fd",
                "sha256:30f610279e8b2578cab6db20741130331735c781b56053c59c4076da27f06b66"
            ],
            "version": "==1.13.0"
        },
        "toolz": {
            "hashes": [
                "sha256:08fdd5ef7c96480ad11c12d472de21acd32359996f69a5259299b540feba4560"
            ],
            "version": "==0.10.0"
        }
    },
    "develop": {}
}
